
Microsoft Visual Studio Solution File, Format Version 12.00
# Visual Studio Version 17
VisualStudioVersion = 17.14.37614.0
MinimumVisualStudioVersion = 10.0.40219.1
Project("{FAE04EC0-301F-11D3-BF4B-00C04F79EFBC}") = "Bai2_3", "Bai2_3\Bai2_3.csproj", "{26C18DF9-8E72-4356-B305-F65E57781374}"
EndProject
Project("{FAE04EC0-301F-11D3-BF4B-00C04F79EFBC}") = "Bai2_4", "Bai2_4\Bai2_4.csproj", "{6A80DD28-B371-446F-AB74-3295EEB75025}"
EndProject
Project("{FAE04EC0-301F-11D3-BF4B-00C04F79EFBC}") = "Bai2_5", "Bai2_5\Bai2_5.csproj", "{D9DD21D0-60C4-4587-AA65-5B30CCD9461F}"
EndProject
Project("{FAE04EC0-301F-11D3-BF4B-00C04F79EFBC}") = "Bai2_6", "Bai2_6\Bai2_6.csproj", "{773F1FEE-B849-4DE4-AF9A-14E4B95489E0}"
EndProject
Project("{FAE04EC0-301F-11D3-BF4B-00C04F79EFBC}") = "Bai2_8", "Bai2_8\Bai2_8.csproj", "{18B33B88-4E6B-4368-81AA-7936BD73BA19}"
EndProject
Project("{FAE04EC0-301F-11D3-BF4B-00C04F79EFBC}") = "Bai2_9", "Bai2_9\Bai2_9.csproj", "{717DAEDE-EEF2-43D0-B0EA-240FDDF31730}"
EndProject
Global
	GlobalSection(SolutionConfigurationPlatforms) = preSolution
		Debug|Any CPU = Debug|Any CPU
		Release|Any CPU = Release|Any CPU
	EndGlobalSection
	GlobalSection(ProjectConfigurationPlatforms) = postSolution
		{26C18DF9-8E72-4356-B305-F65E57781374}.Debug|Any CPU.ActiveCfg = Debug|Any CPU
		{26C18DF9-8E72-4356-B305-F65E57781374}.Debug|Any CPU.Build.0 = Debug|Any CPU
		{26C18DF9-8E72-4356-B305-F65E57781374}.Release|Any CPU.ActiveCfg = Release|Any CPU
		{26C18DF9-8E72-4356-B305-F65E57781374}.Release|Any CPU.Build.0 = Release|Any CPU
		{6A80DD28-B371-446F-AB74-3295EEB75025}.Debug|Any CPU.ActiveCfg = Debug|Any CPU
		{6A80DD28-B371-446F-AB74-3295EEB75025}.Debug|Any CPU.Build.0 = Debug|Any CPU
		{6A80DD28-B371-446F-AB74-3295EEB75025}.Release|Any CPU.ActiveCfg = Release|Any CPU
		{6A80DD28-B371-446F-AB74-3295EEB75025}.Release|Any CPU.Build.0 = Release|Any CPU
		{D9DD21D0-60C4-4587-AA65-5B30CCD9461F}.Debug|Any CPU.ActiveCfg = Debug|Any CPU
		{D9DD21D0-60C4-4587-AA65-5B30CCD9461F}.Debug|Any CPU.Build.0 = Debug|Any CPU
		{D9DD21D0-60C4-4587-AA65-5B30CCD9461F}.Release|Any CPU.ActiveCfg = Release|Any CPU
		{D9DD21D0-60C4-4587-AA65-5B30CCD9461F}.Release|Any CPU.Build.0 = Release|Any CPU
		{773F1FEE-B849-4DE4-AF9A-14E4B95489E0}.Debug|Any CPU.ActiveCfg = Debug|Any CPU
		{773F1FEE-B849-4DE4-AF9A-14E4B95489E0}.Debug|Any CPU.Build.0 = Debug|Any CPU
		{773F1FEE-B849-4DE4-AF9A-14E4B95489E0}.Release|Any CPU.ActiveCfg = Release|Any CPU
		{773F1FEE-B849-4DE4-AF9A-14E4B95489E0}.Release|Any CPU.Build.0 = Release|Any CPU
		{18B33B88-4E6B-4368-81AA-7936BD73BA19}.Debug|Any CPU.ActiveCfg = Debug|Any CPU
		{18B33B88-4E6B-4368-81AA-7936BD73BA19}.Debug|Any CPU.Build.0 = Debug|Any CPU
		{18B33B88-4E6B-4368-81AA-7936BD73BA19}.Release|Any CPU.ActiveCfg = Release|Any CPU
		{18B33B88-4E6B-4368-81AA-7936BD73BA19}.Release|Any CPU.Build.0 = Release|Any CPU
		{717DAEDE-EEF2-43D0-B0EA-240FDDF31730}.Debug|Any CPU.ActiveCfg = Debug|Any CPU
		{717DAEDE-EEF2-43D0-B0EA-240FDDF31730}.Debug|Any CPU.Build.0 = Debug|Any CPU
		{717DAEDE-EEF2-43D0-B0EA-240FDDF31730}.Release|Any CPU.ActiveCfg = Release|Any CPU
		{717DAEDE-EEF2-43D0-B0EA-240FDDF31730}.Release|Any CPU.Build.0 = Release|Any CPU
	EndGlobalSection
	GlobalSection(SolutionProperties) = preSolution
		HideSolutionNode = FALSE
	EndGlobalSection
	GlobalSection(ExtensibilityGlobals) = postSolution
		SolutionGuid = {AB5B0F7C-F683-4437-A920-287038B6FEC8}
	EndGlobalSection
EndGlobal
