
Microsoft Visual Studio Solution File, Format Version 12.00
# Visual Studio Version 17
VisualStudioVersion = 17.14.37614.0 d17.14
MinimumVisualStudioVersion = 10.0.40219.1
Project("{FAE04EC0-301F-11D3-BF4B-00C04F79EFBC}") = "Giai_phuong_trinh", "WinFormsApp1\Giai_phuong_trinh.csproj", "{5FD2644E-E2E2-4555-9CEF-3E1A6635E777}"
EndProject
Global
	GlobalSection(SolutionConfigurationPlatforms) = preSolution
		Debug|Any CPU = Debug|Any CPU
		Release|Any CPU = Release|Any CPU
	EndGlobalSection
	GlobalSection(ProjectConfigurationPlatforms) = postSolution
		{5FD2644E-E2E2-4555-9CEF-3E1A6635E777}.Debug|Any CPU.ActiveCfg = Debug|Any CPU
		{5FD2644E-E2E2-4555-9CEF-3E1A6635E777}.Debug|Any CPU.Build.0 = Debug|Any CPU
		{5FD2644E-E2E2-4555-9CEF-3E1A6635E777}.Release|Any CPU.ActiveCfg = Release|Any CPU
		{5FD2644E-E2E2-4555-9CEF-3E1A6635E777}.Release|Any CPU.Build.0 = Release|Any CPU
	EndGlobalSection
	GlobalSection(SolutionProperties) = preSolution
		HideSolutionNode = FALSE
	EndGlobalSection
	GlobalSection(ExtensibilityGlobals) = postSolution
		SolutionGuid = {8C118A57-9830-4440-BB76-03162543AD82}
	EndGlobalSection
EndGlobal
